{
  "name": "spec",
  "version": "1.0.0",
  "lockfileVersion": 1,
  "requires": true,
  "dependencies": {
    "browser-installations": {
      "version": "file:..",
      "dev": true,
      "dependencies": {
        "@types/node": {
          "version": "8.5.2",
          "bundled": true
        },
        "typescript": {
          "version": "2.6.2",
          "bundled": true
        }
      }
    }
  }
}
